
Microsoft Visual Studio Solution File, Format Version 12.00
# Visual Studio Version 17
VisualStudioVersion = 17.4.33103.184
MinimumVisualStudioVersion = 10.0.40219.1
Project("{FAE04EC0-301F-11D3-BF4B-00C04F79EFBC}") = "SpaceInvaders.GUI", "SpaceInvaders.GUI\SpaceInvaders.GUI.csproj", "{83618629-001A-4D4F-BBC0-13D72EF787B0}"
EndProject
Global
	GlobalSection(SolutionConfigurationPlatforms) = preSolution
		Debug|Any CPU = Debug|Any CPU
		Release|Any CPU = Release|Any CPU
	EndGlobalSection
	GlobalSection(ProjectConfigurationPlatforms) = postSolution
		{83618629-001A-4D4F-BBC0-13D72EF787B0}.Debug|Any CPU.ActiveCfg = Debug|Any CPU
		{83618629-001A-4D4F-BBC0-13D72EF787B0}.Debug|Any CPU.Build.0 = Debug|Any CPU
		{83618629-001A-4D4F-BBC0-13D72EF787B0}.Release|Any CPU.ActiveCfg = Release|Any CPU
		{83618629-001A-4D4F-BBC0-13D72EF787B0}.Release|Any CPU.Build.0 = Release|Any CPU
	EndGlobalSection
	GlobalSection(SolutionProperties) = preSolution
		HideSolutionNode = FALSE
	EndGlobalSection
	GlobalSection(ExtensibilityGlobals) = postSolution
		SolutionGuid = {83099C3F-303D-4BFC-81E3-76E6AF186A3C}
	EndGlobalSection
EndGlobal
